
Microsoft Visual Studio Solution File, Format Version 12.00
# Visual Studio Version 16
VisualStudioVersion = 16.0.29920.165
MinimumVisualStudioVersion = 10.0.40219.1
Project("{FAE04EC0-301F-11D3-BF4B-00C04F79EFBC}") = "Ziggy", "Ziggy.csproj", "{994C5E66-5554-46E7-939A-7CFAE731260A}"
EndProject
Global
	GlobalSection(SolutionConfigurationPlatforms) = preSolution
		Debug|Any CPU = Debug|Any CPU
		Release|Any CPU = Release|Any CPU
	EndGlobalSection
	GlobalSection(ProjectConfigurationPlatforms) = postSolution
		{994C5E66-5554-46E7-939A-7CFAE731260A}.Debug|Any CPU.ActiveCfg = Debug|Any CPU
		{994C5E66-5554-46E7-939A-7CFAE731260A}.Debug|Any CPU.Build.0 = Debug|Any CPU
		{994C5E66-5554-46E7-939A-7CFAE731260A}.Release|Any CPU.ActiveCfg = Release|Any CPU
		{994C5E66-5554-46E7-939A-7CFAE731260A}.Release|Any CPU.Build.0 = Release|Any CPU
	EndGlobalSection
	GlobalSection(SolutionProperties) = preSolution
		HideSolutionNode = FALSE
	EndGlobalSection
	GlobalSection(ExtensibilityGlobals) = postSolution
		SolutionGuid = {726CA192-C877-41A6-98B2-46B0DDD5AA33}
	EndGlobalSection
EndGlobal
